// !$*UTF8*$!
{
	archiveVersion = 1;
	classes = {
	};
	objectVersion = 56;
	objects = {

/* Begin PBXBuildFile section */
		4107EF7B29C8D87A009C24C1 /* CustomUIViews & Extensions.swift in Sources */ = {isa = PBXBuildFile; fileRef = 4107EF7A29C8D87A009C24C1 /* CustomUIViews & Extensions.swift */; };
		41336B4E29D6035600F35CDC /* GeoDecoderModel.swift in Sources */ = {isa = PBXBuildFile; fileRef = 41336B4D29D6035600F35CDC /* GeoDecoderModel.swift */; };
		414B535129CCBE2900266E69 /* ForecastTable24hHeader.swift in Sources */ = {isa = PBXBuildFile; fileRef = 414B535029CCBE2900266E69 /* ForecastTable24hHeader.swift */; };
		414B535329CCBF5700266E69 /* ForecastTable24hViewCell.swift in Sources */ = {isa = PBXBuildFile; fileRef = 414B535229CCBF5700266E69 /* ForecastTable24hViewCell.swift */; };
		414B535529CDC02B00266E69 /* DailyWheatherViewController.swift in Sources */ = {isa = PBXBuildFile; fileRef = 414B535429CDC02B00266E69 /* DailyWheatherViewController.swift */; };
		414B535829CDC18100266E69 /* DailyWheatherTableHeader.swift in Sources */ = {isa = PBXBuildFile; fileRef = 414B535729CDC18100266E69 /* DailyWheatherTableHeader.swift */; };
		414B535B29CDC4C000266E69 /* DailyWheatherCollectionViewCell.swift in Sources */ = {isa = PBXBuildFile; fileRef = 414B535A29CDC4C000266E69 /* DailyWheatherCollectionViewCell.swift */; };
		414B535D29CDD60100266E69 /* DailyWheatherTableViewCell.swift in Sources */ = {isa = PBXBuildFile; fileRef = 414B535C29CDD60100266E69 /* DailyWheatherTableViewCell.swift */; };
		414B535F29CE223700266E69 /* DailyWheatherDayNightTableViewCell.swift in Sources */ = {isa = PBXBuildFile; fileRef = 414B535E29CE223700266E69 /* DailyWheatherDayNightTableViewCell.swift */; };
		414B536129CE242600266E69 /* DailyWheatherAirQualityTableViewCell.swift in Sources */ = {isa = PBXBuildFile; fileRef = 414B536029CE242600266E69 /* DailyWheatherAirQualityTableViewCell.swift */; };
		414B536A29CEFD5A00266E69 /* Fonts.swift in Sources */ = {isa = PBXBuildFile; fileRef = 414B536929CEFD5A00266E69 /* Fonts.swift */; };
		414B536E29CEFFC300266E69 /* Rubik-SemiBold.ttf in Resources */ = {isa = PBXBuildFile; fileRef = 414B536B29CEFFC300266E69 /* Rubik-SemiBold.ttf */; };
		414B536F29CEFFC300266E69 /* Rubik-Bold.ttf in Resources */ = {isa = PBXBuildFile; fileRef = 414B536C29CEFFC300266E69 /* Rubik-Bold.ttf */; };
		414B537029CEFFC300266E69 /* Rubik-Regular.ttf in Resources */ = {isa = PBXBuildFile; fileRef = 414B536D29CEFFC300266E69 /* Rubik-Regular.ttf */; };
		414B537229D1CF9E00266E69 /* NetworkManager.swift in Sources */ = {isa = PBXBuildFile; fileRef = 414B537129D1CF9E00266E69 /* NetworkManager.swift */; };
		414B537629D3328300266E69 /* WheatherModel.swift in Sources */ = {isa = PBXBuildFile; fileRef = 414B537529D3328300266E69 /* WheatherModel.swift */; };
		41556BBA2A40806B00FBE0B7 /* WheatherForecast.xcdatamodeld in Sources */ = {isa = PBXBuildFile; fileRef = 41556BB82A40806B00FBE0B7 /* WheatherForecast.xcdatamodeld */; };
		41556BBC2A408D8500FBE0B7 /* CoreDataManager.swift in Sources */ = {isa = PBXBuildFile; fileRef = 41556BBB2A408D8500FBE0B7 /* CoreDataManager.swift */; };
		41556BC12A44BFD000FBE0B7 /* WheatherTableHeader.swift in Sources */ = {isa = PBXBuildFile; fileRef = 41556BC02A44BFD000FBE0B7 /* WheatherTableHeader.swift */; };
		41556BC32A45874C00FBE0B7 /* WheatherCollectionViewCell.swift in Sources */ = {isa = PBXBuildFile; fileRef = 41556BC22A45874C00FBE0B7 /* WheatherCollectionViewCell.swift */; };
		4171256629C8503200CCE6D4 /* AppDelegate.swift in Sources */ = {isa = PBXBuildFile; fileRef = 4171256529C8503200CCE6D4 /* AppDelegate.swift */; };
		4171256829C8503200CCE6D4 /* SceneDelegate.swift in Sources */ = {isa = PBXBuildFile; fileRef = 4171256729C8503200CCE6D4 /* SceneDelegate.swift */; };
		4171256A29C8503200CCE6D4 /* SettingViewController.swift in Sources */ = {isa = PBXBuildFile; fileRef = 4171256929C8503200CCE6D4 /* SettingViewController.swift */; };
		4171256F29C8503200CCE6D4 /* Assets.xcassets in Resources */ = {isa = PBXBuildFile; fileRef = 4171256E29C8503200CCE6D4 /* Assets.xcassets */; };
		4171257D29C8628A00CCE6D4 /* PermissionViewController.swift in Sources */ = {isa = PBXBuildFile; fileRef = 4171257C29C8628A00CCE6D4 /* PermissionViewController.swift */; };
		4171258029C8639000CCE6D4 /* Colors.swift in Sources */ = {isa = PBXBuildFile; fileRef = 4171257F29C8639000CCE6D4 /* Colors.swift */; };
		4171258329C868BC00CCE6D4 /* Texts.swift in Sources */ = {isa = PBXBuildFile; fileRef = 4171258229C868BC00CCE6D4 /* Texts.swift */; };
		418CF8D429DB520E00EAA5F5 /* WidgetKit.framework in Frameworks */ = {isa = PBXBuildFile; fileRef = 418CF8D329DB520E00EAA5F5 /* WidgetKit.framework */; };
		418CF8D629DB520E00EAA5F5 /* SwiftUI.framework in Frameworks */ = {isa = PBXBuildFile; fileRef = 418CF8D529DB520E00EAA5F5 /* SwiftUI.framework */; };
		418CF8D929DB520E00EAA5F5 /* WheaterForecastExtensionBundle.swift in Sources */ = {isa = PBXBuildFile; fileRef = 418CF8D829DB520E00EAA5F5 /* WheaterForecastExtensionBundle.swift */; };
		418CF8DB29DB520E00EAA5F5 /* WheaterForecastExtensionLiveActivity.swift in Sources */ = {isa = PBXBuildFile; fileRef = 418CF8DA29DB520E00EAA5F5 /* WheaterForecastExtensionLiveActivity.swift */; };
		418CF8DD29DB520E00EAA5F5 /* WheaterForecastExtension.swift in Sources */ = {isa = PBXBuildFile; fileRef = 418CF8DC29DB520E00EAA5F5 /* WheaterForecastExtension.swift */; };
		418CF8E029DB520F00EAA5F5 /* Assets.xcassets in Resources */ = {isa = PBXBuildFile; fileRef = 418CF8DF29DB520F00EAA5F5 /* Assets.xcassets */; };
		418CF8E229DB520F00EAA5F5 /* WheaterForecastExtension.intentdefinition in Sources */ = {isa = PBXBuildFile; fileRef = 418CF8DE29DB520E00EAA5F5 /* WheaterForecastExtension.intentdefinition */; };
		418CF8E329DB520F00EAA5F5 /* WheaterForecastExtension.intentdefinition in Sources */ = {isa = PBXBuildFile; fileRef = 418CF8DE29DB520E00EAA5F5 /* WheaterForecastExtension.intentdefinition */; };
		418CF8E629DB520F00EAA5F5 /* WheaterForecastExtensionExtension.appex in Embed Foundation Extensions */ = {isa = PBXBuildFile; fileRef = 418CF8D129DB520E00EAA5F5 /* WheaterForecastExtensionExtension.appex */; settings = {ATTRIBUTES = (RemoveHeadersOnCopy, ); }; };
		418CF8EB29DB570600EAA5F5 /* Colors.swift in Sources */ = {isa = PBXBuildFile; fileRef = 4171257F29C8639000CCE6D4 /* Colors.swift */; };
		418CF8EC29DB5B8200EAA5F5 /* Fonts.swift in Sources */ = {isa = PBXBuildFile; fileRef = 414B536929CEFD5A00266E69 /* Fonts.swift */; };
		418CF8ED29DB5B9000EAA5F5 /* Rubik-Bold.ttf in Resources */ = {isa = PBXBuildFile; fileRef = 414B536C29CEFFC300266E69 /* Rubik-Bold.ttf */; };
		418CF8EE29DB5B9000EAA5F5 /* Rubik-SemiBold.ttf in Resources */ = {isa = PBXBuildFile; fileRef = 414B536B29CEFFC300266E69 /* Rubik-SemiBold.ttf */; };
		418CF8EF29DB5B9000EAA5F5 /* Rubik-Regular.ttf in Resources */ = {isa = PBXBuildFile; fileRef = 414B536D29CEFFC300266E69 /* Rubik-Regular.ttf */; };
		41995DB929DD8E040036AA7B /* WheatherViewController.swift in Sources */ = {isa = PBXBuildFile; fileRef = 41995DB829DD8E030036AA7B /* WheatherViewController.swift */; };
		41A72F8D2A38B1FB002B80B5 /* PermissionView.swift in Sources */ = {isa = PBXBuildFile; fileRef = 41A72F8C2A38B1FB002B80B5 /* PermissionView.swift */; };
		41A72F8F2A39B194002B80B5 /* SettingView.swift in Sources */ = {isa = PBXBuildFile; fileRef = 41A72F8E2A39B194002B80B5 /* SettingView.swift */; };
		41A72F912A39BEDB002B80B5 /* PageView.swift in Sources */ = {isa = PBXBuildFile; fileRef = 41A72F902A39BEDB002B80B5 /* PageView.swift */; };
		41A72F932A39CC91002B80B5 /* DailyWheatherView.swift in Sources */ = {isa = PBXBuildFile; fileRef = 41A72F922A39CC91002B80B5 /* DailyWheatherView.swift */; };
		41A72F952A39D15F002B80B5 /* Forecast24View.swift in Sources */ = {isa = PBXBuildFile; fileRef = 41A72F942A39D15F002B80B5 /* Forecast24View.swift */; };
		41D9556229C9FD3D0000CFAB /* WheatherSectionHeader.swift in Sources */ = {isa = PBXBuildFile; fileRef = 41D9556129C9FD3D0000CFAB /* WheatherSectionHeader.swift */; };
		41D9556429C9FF530000CFAB /* WheatherTableViewCell.swift in Sources */ = {isa = PBXBuildFile; fileRef = 41D9556329C9FF530000CFAB /* WheatherTableViewCell.swift */; };
		41D9556629CA031D0000CFAB /* PageViewController.swift in Sources */ = {isa = PBXBuildFile; fileRef = 41D9556529CA031D0000CFAB /* PageViewController.swift */; };
		41E8171A29CB8804003665CD /* Forecast24ViewController.swift in Sources */ = {isa = PBXBuildFile; fileRef = 41E8171929CB8804003665CD /* Forecast24ViewController.swift */; };
/* End PBXBuildFile section */

/* Begin PBXContainerItemProxy section */
		418CF8E429DB520F00EAA5F5 /* PBXContainerItemProxy */ = {
			isa = PBXContainerItemProxy;
			containerPortal = 4171255A29C8503200CCE6D4 /* Project object */;
			proxyType = 1;
			remoteGlobalIDString = 418CF8D029DB520E00EAA5F5;
			remoteInfo = WheaterForecastExtensionExtension;
		};
/* End PBXContainerItemProxy section */

/* Begin PBXCopyFilesBuildPhase section */
		418CF8E729DB520F00EAA5F5 /* Embed Foundation Extensions */ = {
			isa = PBXCopyFilesBuildPhase;
			buildActionMask = 2147483647;
			dstPath = "";
			dstSubfolderSpec = 13;
			files = (
				418CF8E629DB520F00EAA5F5 /* WheaterForecastExtensionExtension.appex in Embed Foundation Extensions */,
			);
			name = "Embed Foundation Extensions";
			runOnlyForDeploymentPostprocessing = 0;
		};
/* End PBXCopyFilesBuildPhase section */

/* Begin PBXFileReference section */
		4107EF7A29C8D87A009C24C1 /* CustomUIViews & Extensions.swift */ = {isa = PBXFileReference; lastKnownFileType = sourcecode.swift; path = "CustomUIViews & Extensions.swift"; sourceTree = "<group>"; };
		41336B4D29D6035600F35CDC /* GeoDecoderModel.swift */ = {isa = PBXFileReference; lastKnownFileType = sourcecode.swift; path = GeoDecoderModel.swift; sourceTree = "<group>"; };
		414B535029CCBE2900266E69 /* ForecastTable24hHeader.swift */ = {isa = PBXFileReference; lastKnownFileType = sourcecode.swift; path = ForecastTable24hHeader.swift; sourceTree = "<group>"; };
		414B535229CCBF5700266E69 /* ForecastTable24hViewCell.swift */ = {isa = PBXFileReference; lastKnownFileType = sourcecode.swift; path = ForecastTable24hViewCell.swift; sourceTree = "<group>"; };
		414B535429CDC02B00266E69 /* DailyWheatherViewController.swift */ = {isa = PBXFileReference; lastKnownFileType = sourcecode.swift; path = DailyWheatherViewController.swift; sourceTree = "<group>"; };
		414B535729CDC18100266E69 /* DailyWheatherTableHeader.swift */ = {isa = PBXFileReference; lastKnownFileType = sourcecode.swift; path = DailyWheatherTableHeader.swift; sourceTree = "<group>"; };
		414B535A29CDC4C000266E69 /* DailyWheatherCollectionViewCell.swift */ = {isa = PBXFileReference; lastKnownFileType = sourcecode.swift; path = DailyWheatherCollectionViewCell.swift; sourceTree = "<group>"; };
		414B535C29CDD60100266E69 /* DailyWheatherTableViewCell.swift */ = {isa = PBXFileReference; lastKnownFileType = sourcecode.swift; path = DailyWheatherTableViewCell.swift; sourceTree = "<group>"; };
		414B535E29CE223700266E69 /* DailyWheatherDayNightTableViewCell.swift */ = {isa = PBXFileReference; lastKnownFileType = sourcecode.swift; path = DailyWheatherDayNightTableViewCell.swift; sourceTree = "<group>"; };
		414B536029CE242600266E69 /* DailyWheatherAirQualityTableViewCell.swift */ = {isa = PBXFileReference; lastKnownFileType = sourcecode.swift; path = DailyWheatherAirQualityTableViewCell.swift; sourceTree = "<group>"; };
		414B536929CEFD5A00266E69 /* Fonts.swift */ = {isa = PBXFileReference; lastKnownFileType = sourcecode.swift; path = Fonts.swift; sourceTree = "<group>"; };
		414B536B29CEFFC300266E69 /* Rubik-SemiBold.ttf */ = {isa = PBXFileReference; lastKnownFileType = file; path = "Rubik-SemiBold.ttf"; sourceTree = "<group>"; };
		414B536C29CEFFC300266E69 /* Rubik-Bold.ttf */ = {isa = PBXFileReference; lastKnownFileType = file; path = "Rubik-Bold.ttf"; sourceTree = "<group>"; };
		414B536D29CEFFC300266E69 /* Rubik-Regular.ttf */ = {isa = PBXFileReference; lastKnownFileType = file; path = "Rubik-Regular.ttf"; sourceTree = "<group>"; };
		414B537129D1CF9E00266E69 /* NetworkManager.swift */ = {isa = PBXFileReference; lastKnownFileType = sourcecode.swift; path = NetworkManager.swift; sourceTree = "<group>"; };
		414B537529D3328300266E69 /* WheatherModel.swift */ = {isa = PBXFileReference; lastKnownFileType = sourcecode.swift; path = WheatherModel.swift; sourceTree = "<group>"; };
		41556BB92A40806B00FBE0B7 /* CoreDataProject.xcdatamodel */ = {isa = PBXFileReference; lastKnownFileType = wrapper.xcdatamodel; path = CoreDataProject.xcdatamodel; sourceTree = "<group>"; };
		41556BBB2A408D8500FBE0B7 /* CoreDataManager.swift */ = {isa = PBXFileReference; lastKnownFileType = sourcecode.swift; path = CoreDataManager.swift; sourceTree = "<group>"; };
		41556BC02A44BFD000FBE0B7 /* WheatherTableHeader.swift */ = {isa = PBXFileReference; lastKnownFileType = sourcecode.swift; path = WheatherTableHeader.swift; sourceTree = "<group>"; };
		41556BC22A45874C00FBE0B7 /* WheatherCollectionViewCell.swift */ = {isa = PBXFileReference; lastKnownFileType = sourcecode.swift; path = WheatherCollectionViewCell.swift; sourceTree = "<group>"; };
		4171256229C8503200CCE6D4 /* WheatherForecast.app */ = {isa = PBXFileReference; explicitFileType = wrapper.application; includeInIndex = 0; path = WheatherForecast.app; sourceTree = BUILT_PRODUCTS_DIR; };
		4171256529C8503200CCE6D4 /* AppDelegate.swift */ = {isa = PBXFileReference; lastKnownFileType = sourcecode.swift; path = AppDelegate.swift; sourceTree = "<group>"; };
		4171256729C8503200CCE6D4 /* SceneDelegate.swift */ = {isa = PBXFileReference; lastKnownFileType = sourcecode.swift; path = SceneDelegate.swift; sourceTree = "<group>"; };
		4171256929C8503200CCE6D4 /* SettingViewController.swift */ = {isa = PBXFileReference; lastKnownFileType = sourcecode.swift; path = SettingViewController.swift; sourceTree = "<group>"; };
		4171256E29C8503200CCE6D4 /* Assets.xcassets */ = {isa = PBXFileReference; lastKnownFileType = folder.assetcatalog; path = Assets.xcassets; sourceTree = "<group>"; };
		4171257329C8503200CCE6D4 /* Info.plist */ = {isa = PBXFileReference; lastKnownFileType = text.plist.xml; path = Info.plist; sourceTree = "<group>"; };
		4171257C29C8628A00CCE6D4 /* PermissionViewController.swift */ = {isa = PBXFileReference; lastKnownFileType = sourcecode.swift; path = PermissionViewController.swift; sourceTree = "<group>"; };
		4171257F29C8639000CCE6D4 /* Colors.swift */ = {isa = PBXFileReference; lastKnownFileType = sourcecode.swift; path = Colors.swift; sourceTree = "<group>"; };
		4171258229C868BC00CCE6D4 /* Texts.swift */ = {isa = PBXFileReference; lastKnownFileType = sourcecode.swift; path = Texts.swift; sourceTree = "<group>"; };
		418CF8D129DB520E00EAA5F5 /* WheaterForecastExtensionExtension.appex */ = {isa = PBXFileReference; explicitFileType = "wrapper.app-extension"; includeInIndex = 0; path = WheaterForecastExtensionExtension.appex; sourceTree = BUILT_PRODUCTS_DIR; };
		418CF8D329DB520E00EAA5F5 /* WidgetKit.framework */ = {isa = PBXFileReference; lastKnownFileType = wrapper.framework; name = WidgetKit.framework; path = System/Library/Frameworks/WidgetKit.framework; sourceTree = SDKROOT; };
		418CF8D529DB520E00EAA5F5 /* SwiftUI.framework */ = {isa = PBXFileReference; lastKnownFileType = wrapper.framework; name = SwiftUI.framework; path = System/Library/Frameworks/SwiftUI.framework; sourceTree = SDKROOT; };
		418CF8D829DB520E00EAA5F5 /* WheaterForecastExtensionBundle.swift */ = {isa = PBXFileReference; lastKnownFileType = sourcecode.swift; path = WheaterForecastExtensionBundle.swift; sourceTree = "<group>"; };
		418CF8DA29DB520E00EAA5F5 /* WheaterForecastExtensionLiveActivity.swift */ = {isa = PBXFileReference; lastKnownFileType = sourcecode.swift; path = WheaterForecastExtensionLiveActivity.swift; sourceTree = "<group>"; };
		418CF8DC29DB520E00EAA5F5 /* WheaterForecastExtension.swift */ = {isa = PBXFileReference; lastKnownFileType = sourcecode.swift; path = WheaterForecastExtension.swift; sourceTree = "<group>"; };
		418CF8DE29DB520E00EAA5F5 /* WheaterForecastExtension.intentdefinition */ = {isa = PBXFileReference; lastKnownFileType = file.intentdefinition; path = WheaterForecastExtension.intentdefinition; sourceTree = "<group>"; };
		418CF8DF29DB520F00EAA5F5 /* Assets.xcassets */ = {isa = PBXFileReference; lastKnownFileType = folder.assetcatalog; path = Assets.xcassets; sourceTree = "<group>"; };
		41995DB829DD8E030036AA7B /* WheatherViewController.swift */ = {isa = PBXFileReference; lastKnownFileType = sourcecode.swift; path = WheatherViewController.swift; sourceTree = "<group>"; };
		41A72F8C2A38B1FB002B80B5 /* PermissionView.swift */ = {isa = PBXFileReference; lastKnownFileType = sourcecode.swift; path = PermissionView.swift; sourceTree = "<group>"; };
		41A72F8E2A39B194002B80B5 /* SettingView.swift */ = {isa = PBXFileReference; lastKnownFileType = sourcecode.swift; path = SettingView.swift; sourceTree = "<group>"; };
		41A72F902A39BEDB002B80B5 /* PageView.swift */ = {isa = PBXFileReference; lastKnownFileType = sourcecode.swift; path = PageView.swift; sourceTree = "<group>"; };
		41A72F922A39CC91002B80B5 /* DailyWheatherView.swift */ = {isa = PBXFileReference; lastKnownFileType = sourcecode.swift; path = DailyWheatherView.swift; sourceTree = "<group>"; };
		41A72F942A39D15F002B80B5 /* Forecast24View.swift */ = {isa = PBXFileReference; lastKnownFileType = sourcecode.swift; path = Forecast24View.swift; sourceTree = "<group>"; };
		41D9556129C9FD3D0000CFAB /* WheatherSectionHeader.swift */ = {isa = PBXFileReference; lastKnownFileType = sourcecode.swift; path = WheatherSectionHeader.swift; sourceTree = "<group>"; };
		41D9556329C9FF530000CFAB /* WheatherTableViewCell.swift */ = {isa = PBXFileReference; lastKnownFileType = sourcecode.swift; path = WheatherTableViewCell.swift; sourceTree = "<group>"; };
		41D9556529CA031D0000CFAB /* PageViewController.swift */ = {isa = PBXFileReference; lastKnownFileType = sourcecode.swift; path = PageViewController.swift; sourceTree = "<group>"; };
		41E8171929CB8804003665CD /* Forecast24ViewController.swift */ = {isa = PBXFileReference; lastKnownFileType = sourcecode.swift; path = Forecast24ViewController.swift; sourceTree = "<group>"; };
		41FF588129DB614400CC5999 /* Info.plist */ = {isa = PBXFileReference; lastKnownFileType = text.plist.xml; path = Info.plist; sourceTree = "<group>"; };
/* End PBXFileReference section */

/* Begin PBXFrameworksBuildPhase section */
		4171255F29C8503200CCE6D4 /* Frameworks */ = {
			isa = PBXFrameworksBuildPhase;
			buildActionMask = 2147483647;
			files = (
			);
			runOnlyForDeploymentPostprocessing = 0;
		};
		418CF8CE29DB520E00EAA5F5 /* Frameworks */ = {
			isa = PBXFrameworksBuildPhase;
			buildActionMask = 2147483647;
			files = (
				418CF8D629DB520E00EAA5F5 /* SwiftUI.framework in Frameworks */,
				418CF8D429DB520E00EAA5F5 /* WidgetKit.framework in Frameworks */,
			);
			runOnlyForDeploymentPostprocessing = 0;
		};
/* End PBXFrameworksBuildPhase section */

/* Begin PBXGroup section */
		4107EF7C29C8DB42009C24C1 /* Views */ = {
			isa = PBXGroup;
			children = (
				4107EF7A29C8D87A009C24C1 /* CustomUIViews & Extensions.swift */,
				41A72F8C2A38B1FB002B80B5 /* PermissionView.swift */,
				41A72F8E2A39B194002B80B5 /* SettingView.swift */,
				41A72F922A39CC91002B80B5 /* DailyWheatherView.swift */,
				41A72F942A39D15F002B80B5 /* Forecast24View.swift */,
				41A72F902A39BEDB002B80B5 /* PageView.swift */,
				414B535629CDC0E400266E69 /* DailyWheather */,
				41E8171B29CB888D003665CD /* WheatherScreen */,
				414B534F29CCBDCF00266E69 /* Forecast24 */,
			);
			path = Views;
			sourceTree = "<group>";
		};
		4147C96329DB0E5B00C25279 /* Managers */ = {
			isa = PBXGroup;
			children = (
				414B537129D1CF9E00266E69 /* NetworkManager.swift */,
				41556BBB2A408D8500FBE0B7 /* CoreDataManager.swift */,
			);
			path = Managers;
			sourceTree = "<group>";
		};
		414B534F29CCBDCF00266E69 /* Forecast24 */ = {
			isa = PBXGroup;
			children = (
				414B535029CCBE2900266E69 /* ForecastTable24hHeader.swift */,
				414B535229CCBF5700266E69 /* ForecastTable24hViewCell.swift */,
			);
			path = Forecast24;
			sourceTree = "<group>";
		};
		414B535629CDC0E400266E69 /* DailyWheather */ = {
			isa = PBXGroup;
			children = (
				414B535729CDC18100266E69 /* DailyWheatherTableHeader.swift */,
				414B535A29CDC4C000266E69 /* DailyWheatherCollectionViewCell.swift */,
				414B535C29CDD60100266E69 /* DailyWheatherTableViewCell.swift */,
				414B535E29CE223700266E69 /* DailyWheatherDayNightTableViewCell.swift */,
				414B536029CE242600266E69 /* DailyWheatherAirQualityTableViewCell.swift */,
			);
			path = DailyWheather;
			sourceTree = "<group>";
		};
		414B536229CEFB8B00266E69 /* Fonts */ = {
			isa = PBXGroup;
			children = (
				414B536929CEFD5A00266E69 /* Fonts.swift */,
				414B536C29CEFFC300266E69 /* Rubik-Bold.ttf */,
				414B536D29CEFFC300266E69 /* Rubik-Regular.ttf */,
				414B536B29CEFFC300266E69 /* Rubik-SemiBold.ttf */,
			);
			path = Fonts;
			sourceTree = "<group>";
		};
		4171255929C8503200CCE6D4 = {
			isa = PBXGroup;
			children = (
				4171256429C8503200CCE6D4 /* WheatherForecast */,
				418CF8D729DB520E00EAA5F5 /* WheaterForecastExtension */,
				418CF8D229DB520E00EAA5F5 /* Frameworks */,
				41556BB82A40806B00FBE0B7 /* WheatherForecast.xcdatamodeld */,
				4171256329C8503200CCE6D4 /* Products */,
			);
			sourceTree = "<group>";
		};
		4171256329C8503200CCE6D4 /* Products */ = {
			isa = PBXGroup;
			children = (
				4171256229C8503200CCE6D4 /* WheatherForecast.app */,
				418CF8D129DB520E00EAA5F5 /* WheaterForecastExtensionExtension.appex */,
			);
			name = Products;
			sourceTree = "<group>";
		};
		4171256429C8503200CCE6D4 /* WheatherForecast */ = {
			isa = PBXGroup;
			children = (
				4171257E29C8637700CCE6D4 /* App */,
				4171257929C8623500CCE6D4 /* ViewControllers */,
				4171258129C868A600CCE6D4 /* Models */,
				4147C96329DB0E5B00C25279 /* Managers */,
				4107EF7C29C8DB42009C24C1 /* Views */,
				414B536229CEFB8B00266E69 /* Fonts */,
				4171257F29C8639000CCE6D4 /* Colors.swift */,
				4171258229C868BC00CCE6D4 /* Texts.swift */,
				4171256E29C8503200CCE6D4 /* Assets.xcassets */,
				4171257329C8503200CCE6D4 /* Info.plist */,
			);
			path = WheatherForecast;
			sourceTree = "<group>";
		};
		4171257929C8623500CCE6D4 /* ViewControllers */ = {
			isa = PBXGroup;
			children = (
				4171257C29C8628A00CCE6D4 /* PermissionViewController.swift */,
				4171256929C8503200CCE6D4 /* SettingViewController.swift */,
				41D9556529CA031D0000CFAB /* PageViewController.swift */,
				41995DB829DD8E030036AA7B /* WheatherViewController.swift */,
				41E8171929CB8804003665CD /* Forecast24ViewController.swift */,
				414B535429CDC02B00266E69 /* DailyWheatherViewController.swift */,
			);
			path = ViewControllers;
			sourceTree = "<group>";
		};
		4171257E29C8637700CCE6D4 /* App */ = {
			isa = PBXGroup;
			children = (
				4171256529C8503200CCE6D4 /* AppDelegate.swift */,
				4171256729C8503200CCE6D4 /* SceneDelegate.swift */,
			);
			path = App;
			sourceTree = "<group>";
		};
		4171258129C868A600CCE6D4 /* Models */ = {
			isa = PBXGroup;
			children = (
				414B537529D3328300266E69 /* WheatherModel.swift */,
				41336B4D29D6035600F35CDC /* GeoDecoderModel.swift */,
			);
			path = Models;
			sourceTree = "<group>";
		};
		418CF8D229DB520E00EAA5F5 /* Frameworks */ = {
			isa = PBXGroup;
			children = (
				418CF8D329DB520E00EAA5F5 /* WidgetKit.framework */,
				418CF8D529DB520E00EAA5F5 /* SwiftUI.framework */,
			);
			name = Frameworks;
			sourceTree = "<group>";
		};
		418CF8D729DB520E00EAA5F5 /* WheaterForecastExtension */ = {
			isa = PBXGroup;
			children = (
				418CF8D829DB520E00EAA5F5 /* WheaterForecastExtensionBundle.swift */,
				418CF8DA29DB520E00EAA5F5 /* WheaterForecastExtensionLiveActivity.swift */,
				418CF8DC29DB520E00EAA5F5 /* WheaterForecastExtension.swift */,
				418CF8DE29DB520E00EAA5F5 /* WheaterForecastExtension.intentdefinition */,
				418CF8DF29DB520F00EAA5F5 /* Assets.xcassets */,
				41FF588129DB614400CC5999 /* Info.plist */,
			);
			path = WheaterForecastExtension;
			sourceTree = "<group>";
		};
		41E8171B29CB888D003665CD /* WheatherScreen */ = {
			isa = PBXGroup;
			children = (
				41556BC22A45874C00FBE0B7 /* WheatherCollectionViewCell.swift */,
				41556BC02A44BFD000FBE0B7 /* WheatherTableHeader.swift */,
				41D9556129C9FD3D0000CFAB /* WheatherSectionHeader.swift */,
				41D9556329C9FF530000CFAB /* WheatherTableViewCell.swift */,
			);
			path = WheatherScreen;
			sourceTree = "<group>";
		};
/* End PBXGroup section */

/* Begin PBXNativeTarget section */
		4171256129C8503200CCE6D4 /* WheatherForecast */ = {
			isa = PBXNativeTarget;
			buildConfigurationList = 4171257629C8503200CCE6D4 /* Build configuration list for PBXNativeTarget "WheatherForecast" */;
			buildPhases = (
				4171255E29C8503200CCE6D4 /* Sources */,
				4171255F29C8503200CCE6D4 /* Frameworks */,
				4171256029C8503200CCE6D4 /* Resources */,
				418CF8E729DB520F00EAA5F5 /* Embed Foundation Extensions */,
			);
			buildRules = (
			);
			dependencies = (
				418CF8E529DB520F00EAA5F5 /* PBXTargetDependency */,
			);
			name = WheatherForecast;
			productName = WheatherForecast;
			productReference = 4171256229C8503200CCE6D4 /* WheatherForecast.app */;
			productType = "com.apple.product-type.application";
		};
		418CF8D029DB520E00EAA5F5 /* WheaterForecastExtensionExtension */ = {
			isa = PBXNativeTarget;
			buildConfigurationList = 418CF8EA29DB520F00EAA5F5 /* Build configuration list for PBXNativeTarget "WheaterForecastExtensionExtension" */;
			buildPhases = (
				418CF8CD29DB520E00EAA5F5 /* Sources */,
				418CF8CE29DB520E00EAA5F5 /* Frameworks */,
				418CF8CF29DB520E00EAA5F5 /* Resources */,
			);
			buildRules = (
			);
			dependencies = (
			);
			name = WheaterForecastExtensionExtension;
			productName = WheaterForecastExtensionExtension;
			productReference = 418CF8D129DB520E00EAA5F5 /* WheaterForecastExtensionExtension.appex */;
			productType = "com.apple.product-type.app-extension";
		};
/* End PBXNativeTarget section */

/* Begin PBXProject section */
		4171255A29C8503200CCE6D4 /* Project object */ = {
			isa = PBXProject;
			attributes = {
				BuildIndependentTargetsInParallel = 1;
				LastSwiftUpdateCheck = 1410;
				LastUpgradeCheck = 1410;
				TargetAttributes = {
					4171256129C8503200CCE6D4 = {
						CreatedOnToolsVersion = 14.1;
					};
					418CF8D029DB520E00EAA5F5 = {
						CreatedOnToolsVersion = 14.1;
					};
				};
			};
			buildConfigurationList = 4171255D29C8503200CCE6D4 /* Build configuration list for PBXProject "WheatherForecast" */;
			compatibilityVersion = "Xcode 14.0";
			developmentRegion = en;
			hasScannedForEncodings = 0;
			knownRegions = (
				en,
				Base,
			);
			mainGroup = 4171255929C8503200CCE6D4;
			productRefGroup = 4171256329C8503200CCE6D4 /* Products */;
			projectDirPath = "";
			projectRoot = "";
			targets = (
				4171256129C8503200CCE6D4 /* WheatherForecast */,
				418CF8D029DB520E00EAA5F5 /* WheaterForecastExtensionExtension */,
			);
		};
/* End PBXProject section */

/* Begin PBXResourcesBuildPhase section */
		4171256029C8503200CCE6D4 /* Resources */ = {
			isa = PBXResourcesBuildPhase;
			buildActionMask = 2147483647;
			files = (
				4171256F29C8503200CCE6D4 /* Assets.xcassets in Resources */,
				414B537029CEFFC300266E69 /* Rubik-Regular.ttf in Resources */,
				414B536F29CEFFC300266E69 /* Rubik-Bold.ttf in Resources */,
				414B536E29CEFFC300266E69 /* Rubik-SemiBold.ttf in Resources */,
			);
			runOnlyForDeploymentPostprocessing = 0;
		};
		418CF8CF29DB520E00EAA5F5 /* Resources */ = {
			isa = PBXResourcesBuildPhase;
			buildActionMask = 2147483647;
			files = (
				418CF8EE29DB5B9000EAA5F5 /* Rubik-SemiBold.ttf in Resources */,
				418CF8EF29DB5B9000EAA5F5 /* Rubik-Regular.ttf in Resources */,
				418CF8E029DB520F00EAA5F5 /* Assets.xcassets in Resources */,
				418CF8ED29DB5B9000EAA5F5 /* Rubik-Bold.ttf in Resources */,
			);
			runOnlyForDeploymentPostprocessing = 0;
		};
/* End PBXResourcesBuildPhase section */

/* Begin PBXSourcesBuildPhase section */
		4171255E29C8503200CCE6D4 /* Sources */ = {
			isa = PBXSourcesBuildPhase;
			buildActionMask = 2147483647;
			files = (
				4171256A29C8503200CCE6D4 /* SettingViewController.swift in Sources */,
				414B535D29CDD60100266E69 /* DailyWheatherTableViewCell.swift in Sources */,
				414B537229D1CF9E00266E69 /* NetworkManager.swift in Sources */,
				41D9556229C9FD3D0000CFAB /* WheatherSectionHeader.swift in Sources */,
				4171258329C868BC00CCE6D4 /* Texts.swift in Sources */,
				414B537629D3328300266E69 /* WheatherModel.swift in Sources */,
				41A72F932A39CC91002B80B5 /* DailyWheatherView.swift in Sources */,
				41556BC32A45874C00FBE0B7 /* WheatherCollectionViewCell.swift in Sources */,
				41A72F952A39D15F002B80B5 /* Forecast24View.swift in Sources */,
				41995DB929DD8E040036AA7B /* WheatherViewController.swift in Sources */,
				414B535329CCBF5700266E69 /* ForecastTable24hViewCell.swift in Sources */,
				41A72F8D2A38B1FB002B80B5 /* PermissionView.swift in Sources */,
				4171258029C8639000CCE6D4 /* Colors.swift in Sources */,
				414B535529CDC02B00266E69 /* DailyWheatherViewController.swift in Sources */,
				4171256629C8503200CCE6D4 /* AppDelegate.swift in Sources */,
				418CF8E329DB520F00EAA5F5 /* WheaterForecastExtension.intentdefinition in Sources */,
				4171256829C8503200CCE6D4 /* SceneDelegate.swift in Sources */,
				414B536129CE242600266E69 /* DailyWheatherAirQualityTableViewCell.swift in Sources */,
				414B536A29CEFD5A00266E69 /* Fonts.swift in Sources */,
				414B535F29CE223700266E69 /* DailyWheatherDayNightTableViewCell.swift in Sources */,
				41D9556429C9FF530000CFAB /* WheatherTableViewCell.swift in Sources */,
				4107EF7B29C8D87A009C24C1 /* CustomUIViews & Extensions.swift in Sources */,
				41336B4E29D6035600F35CDC /* GeoDecoderModel.swift in Sources */,
				41556BC12A44BFD000FBE0B7 /* WheatherTableHeader.swift in Sources */,
				41E8171A29CB8804003665CD /* Forecast24ViewController.swift in Sources */,
				414B535829CDC18100266E69 /* DailyWheatherTableHeader.swift in Sources */,
				414B535B29CDC4C000266E69 /* DailyWheatherCollectionViewCell.swift in Sources */,
				41556BBA2A40806B00FBE0B7 /* WheatherForecast.xcdatamodeld in Sources */,
				41A72F912A39BEDB002B80B5 /* PageView.swift in Sources */,
				414B535129CCBE2900266E69 /* ForecastTable24hHeader.swift in Sources */,
				41D9556629CA031D0000CFAB /* PageViewController.swift in Sources */,
				41A72F8F2A39B194002B80B5 /* SettingView.swift in Sources */,
				41556BBC2A408D8500FBE0B7 /* CoreDataManager.swift in Sources */,
				4171257D29C8628A00CCE6D4 /* PermissionViewController.swift in Sources */,
			);
			runOnlyForDeploymentPostprocessing = 0;
		};
		418CF8CD29DB520E00EAA5F5 /* Sources */ = {
			isa = PBXSourcesBuildPhase;
			buildActionMask = 2147483647;
			files = (
				418CF8DB29DB520E00EAA5F5 /* WheaterForecastExtensionLiveActivity.swift in Sources */,
				418CF8EB29DB570600EAA5F5 /* Colors.swift in Sources */,
				418CF8D929DB520E00EAA5F5 /* WheaterForecastExtensionBundle.swift in Sources */,
				418CF8E229DB520F00EAA5F5 /* WheaterForecastExtension.intentdefinition in Sources */,
				418CF8EC29DB5B8200EAA5F5 /* Fonts.swift in Sources */,
				418CF8DD29DB520E00EAA5F5 /* WheaterForecastExtension.swift in Sources */,
			);
			runOnlyForDeploymentPostprocessing = 0;
		};
/* End PBXSourcesBuildPhase section */

/* Begin PBXTargetDependency section */
		418CF8E529DB520F00EAA5F5 /* PBXTargetDependency */ = {
			isa = PBXTargetDependency;
			target = 418CF8D029DB520E00EAA5F5 /* WheaterForecastExtensionExtension */;
			targetProxy = 418CF8E429DB520F00EAA5F5 /* PBXContainerItemProxy */;
		};
/* End PBXTargetDependency section */

/* Begin XCBuildConfiguration section */
		4171257429C8503200CCE6D4 /* Debug */ = {
			isa = XCBuildConfiguration;
			buildSettings = {
				ALWAYS_SEARCH_USER_PATHS = NO;
				CLANG_ANALYZER_NONNULL = YES;
				CLANG_ANALYZER_NUMBER_OBJECT_CONVERSION = YES_AGGRESSIVE;
				CLANG_CXX_LANGUAGE_STANDARD = "gnu++20";
				CLANG_ENABLE_MODULES = YES;
				CLANG_ENABLE_OBJC_ARC = YES;
				CLANG_ENABLE_OBJC_WEAK = YES;
				CLANG_WARN_BLOCK_CAPTURE_AUTORELEASING = YES;
				CLANG_WARN_BOOL_CONVERSION = YES;
				CLANG_WARN_COMMA = YES;
				CLANG_WARN_CONSTANT_CONVERSION = YES;
				CLANG_WARN_DEPRECATED_OBJC_IMPLEMENTATIONS = YES;
				CLANG_WARN_DIRECT_OBJC_ISA_USAGE = YES_ERROR;
				CLANG_WARN_DOCUMENTATION_COMMENTS = YES;
				CLANG_WARN_EMPTY_BODY = YES;
				CLANG_WARN_ENUM_CONVERSION = YES;
				CLANG_WARN_INFINITE_RECURSION = YES;
				CLANG_WARN_INT_CONVERSION = YES;
				CLANG_WARN_NON_LITERAL_NULL_CONVERSION = YES;
				CLANG_WARN_OBJC_IMPLICIT_RETAIN_SELF = YES;
				CLANG_WARN_OBJC_LITERAL_CONVERSION = YES;
				CLANG_WARN_OBJC_ROOT_CLASS = YES_ERROR;
				CLANG_WARN_QUOTED_INCLUDE_IN_FRAMEWORK_HEADER = YES;
				CLANG_WARN_RANGE_LOOP_ANALYSIS = YES;
				CLANG_WARN_STRICT_PROTOTYPES = YES;
				CLANG_WARN_SUSPICIOUS_MOVE = YES;
				CLANG_WARN_UNGUARDED_AVAILABILITY = YES_AGGRESSIVE;
				CLANG_WARN_UNREACHABLE_CODE = YES;
				CLANG_WARN__DUPLICATE_METHOD_MATCH = YES;
				COPY_PHASE_STRIP = NO;
				DEBUG_INFORMATION_FORMAT = dwarf;
				ENABLE_STRICT_OBJC_MSGSEND = YES;
				ENABLE_TESTABILITY = YES;
				GCC_C_LANGUAGE_STANDARD = gnu11;
				GCC_DYNAMIC_NO_PIC = NO;
				GCC_NO_COMMON_BLOCKS = YES;
				GCC_OPTIMIZATION_LEVEL = 0;
				GCC_PREPROCESSOR_DEFINITIONS = (
					"DEBUG=1",
					"$(inherited)",
				);
				GCC_WARN_64_TO_32_BIT_CONVERSION = YES;
				GCC_WARN_ABOUT_RETURN_TYPE = YES_ERROR;
				GCC_WARN_UNDECLARED_SELECTOR = YES;
				GCC_WARN_UNINITIALIZED_AUTOS = YES_AGGRESSIVE;
				GCC_WARN_UNUSED_FUNCTION = YES;
				GCC_WARN_UNUSED_VARIABLE = YES;
				IPHONEOS_DEPLOYMENT_TARGET = 16.1;
				MTL_ENABLE_DEBUG_INFO = INCLUDE_SOURCE;
				MTL_FAST_MATH = YES;
				ONLY_ACTIVE_ARCH = YES;
				SDKROOT = iphoneos;
				SWIFT_ACTIVE_COMPILATION_CONDITIONS = DEBUG;
				SWIFT_OPTIMIZATION_LEVEL = "-Onone";
			};
			name = Debug;
		};
		4171257529C8503200CCE6D4 /* Release */ = {
			isa = XCBuildConfiguration;
			buildSettings = {
				ALWAYS_SEARCH_USER_PATHS = NO;
				CLANG_ANALYZER_NONNULL = YES;
				CLANG_ANALYZER_NUMBER_OBJECT_CONVERSION = YES_AGGRESSIVE;
				CLANG_CXX_LANGUAGE_STANDARD = "gnu++20";
				CLANG_ENABLE_MODULES = YES;
				CLANG_ENABLE_OBJC_ARC = YES;
				CLANG_ENABLE_OBJC_WEAK = YES;
				CLANG_WARN_BLOCK_CAPTURE_AUTORELEASING = YES;
				CLANG_WARN_BOOL_CONVERSION = YES;
				CLANG_WARN_COMMA = YES;
				CLANG_WARN_CONSTANT_CONVERSION = YES;
				CLANG_WARN_DEPRECATED_OBJC_IMPLEMENTATIONS = YES;
				CLANG_WARN_DIRECT_OBJC_ISA_USAGE = YES_ERROR;
				CLANG_WARN_DOCUMENTATION_COMMENTS = YES;
				CLANG_WARN_EMPTY_BODY = YES;
				CLANG_WARN_ENUM_CONVERSION = YES;
				CLANG_WARN_INFINITE_RECURSION = YES;
				CLANG_WARN_INT_CONVERSION = YES;
				CLANG_WARN_NON_LITERAL_NULL_CONVERSION = YES;
				CLANG_WARN_OBJC_IMPLICIT_RETAIN_SELF = YES;
				CLANG_WARN_OBJC_LITERAL_CONVERSION = YES;
				CLANG_WARN_OBJC_ROOT_CLASS = YES_ERROR;
				CLANG_WARN_QUOTED_INCLUDE_IN_FRAMEWORK_HEADER = YES;
				CLANG_WARN_RANGE_LOOP_ANALYSIS = YES;
				CLANG_WARN_STRICT_PROTOTYPES = YES;
				CLANG_WARN_SUSPICIOUS_MOVE = YES;
				CLANG_WARN_UNGUARDED_AVAILABILITY = YES_AGGRESSIVE;
				CLANG_WARN_UNREACHABLE_CODE = YES;
				CLANG_WARN__DUPLICATE_METHOD_MATCH = YES;
				COPY_PHASE_STRIP = NO;
				DEBUG_INFORMATION_FORMAT = "dwarf-with-dsym";
				ENABLE_NS_ASSERTIONS = NO;
				ENABLE_STRICT_OBJC_MSGSEND = YES;
				GCC_C_LANGUAGE_STANDARD = gnu11;
				GCC_NO_COMMON_BLOCKS = YES;
				GCC_WARN_64_TO_32_BIT_CONVERSION = YES;
				GCC_WARN_ABOUT_RETURN_TYPE = YES_ERROR;
				GCC_WARN_UNDECLARED_SELECTOR = YES;
				GCC_WARN_UNINITIALIZED_AUTOS = YES_AGGRESSIVE;
				GCC_WARN_UNUSED_FUNCTION = YES;
				GCC_WARN_UNUSED_VARIABLE = YES;
				IPHONEOS_DEPLOYMENT_TARGET = 16.1;
				MTL_ENABLE_DEBUG_INFO = NO;
				MTL_FAST_MATH = YES;
				SDKROOT = iphoneos;
				SWIFT_COMPILATION_MODE = wholemodule;
				SWIFT_OPTIMIZATION_LEVEL = "-O";
				VALIDATE_PRODUCT = YES;
			};
			name = Release;
		};
		4171257729C8503200CCE6D4 /* Debug */ = {
			isa = XCBuildConfiguration;
			buildSettings = {
				ALWAYS_EMBED_SWIFT_STANDARD_LIBRARIES = YES;
				ASSETCATALOG_COMPILER_APPICON_NAME = AppIcon;
				ASSETCATALOG_COMPILER_GLOBAL_ACCENT_COLOR_NAME = AccentColor;
				CODE_SIGN_STYLE = Automatic;
				CURRENT_PROJECT_VERSION = 1;
				DEVELOPMENT_TEAM = M59369L9JK;
				GENERATE_INFOPLIST_FILE = YES;
				INFOPLIST_FILE = WheatherForecast/Info.plist;
				INFOPLIST_KEY_LSApplicationCategoryType = "public.app-category.weather";
				INFOPLIST_KEY_NSLocationAlwaysAndWhenInUseUsageDescription = " нужно для приложения 1";
				INFOPLIST_KEY_NSLocationAlwaysUsageDescription = "нужно для приложения 3";
				INFOPLIST_KEY_NSLocationWhenInUseUsageDescription = "нужно для приложения 2";
				INFOPLIST_KEY_UILaunchStoryboardName = LaunchScreen;
				INFOPLIST_KEY_UISupportedInterfaceOrientations = UIInterfaceOrientationPortrait;
				LD_RUNPATH_SEARCH_PATHS = (
					"$(inherited)",
					"@executable_path/Frameworks",
				);
				MARKETING_VERSION = 1.0;
				PRODUCT_BUNDLE_IDENTIFIER = aserdiuk.WheatherForecast;
				PRODUCT_NAME = "$(TARGET_NAME)";
				SUPPORTED_PLATFORMS = "iphoneos iphonesimulator";
				SUPPORTS_MACCATALYST = NO;
				SUPPORTS_MAC_DESIGNED_FOR_IPHONE_IPAD = NO;
				SWIFT_EMIT_LOC_STRINGS = YES;
				SWIFT_VERSION = 5.0;
				TARGETED_DEVICE_FAMILY = "1,2";
			};
			name = Debug;
		};
		4171257829C8503200CCE6D4 /* Release */ = {
			isa = XCBuildConfiguration;
			buildSettings = {
				ALWAYS_EMBED_SWIFT_STANDARD_LIBRARIES = YES;
				ASSETCATALOG_COMPILER_APPICON_NAME = AppIcon;
				ASSETCATALOG_COMPILER_GLOBAL_ACCENT_COLOR_NAME = AccentColor;
				CODE_SIGN_STYLE = Automatic;
				CURRENT_PROJECT_VERSION = 1;
				DEVELOPMENT_TEAM = M59369L9JK;
				GENERATE_INFOPLIST_FILE = YES;
				INFOPLIST_FILE = WheatherForecast/Info.plist;
				INFOPLIST_KEY_LSApplicationCategoryType = "public.app-category.weather";
				INFOPLIST_KEY_NSLocationAlwaysAndWhenInUseUsageDescription = " нужно для приложения 1";
				INFOPLIST_KEY_NSLocationAlwaysUsageDescription = "нужно для приложения 3";
				INFOPLIST_KEY_NSLocationWhenInUseUsageDescription = "нужно для приложения 2";
				INFOPLIST_KEY_UILaunchStoryboardName = LaunchScreen;
				INFOPLIST_KEY_UISupportedInterfaceOrientations = UIInterfaceOrientationPortrait;
				LD_RUNPATH_SEARCH_PATHS = (
					"$(inherited)",
					"@executable_path/Frameworks",
				);
				MARKETING_VERSION = 1.0;
				PRODUCT_BUNDLE_IDENTIFIER = aserdiuk.WheatherForecast;
				PRODUCT_NAME = "$(TARGET_NAME)";
				SUPPORTED_PLATFORMS = "iphoneos iphonesimulator";
				SUPPORTS_MACCATALYST = NO;
				SUPPORTS_MAC_DESIGNED_FOR_IPHONE_IPAD = NO;
				SWIFT_EMIT_LOC_STRINGS = YES;
				SWIFT_VERSION = 5.0;
				TARGETED_DEVICE_FAMILY = "1,2";
			};
			name = Release;
		};
		418CF8E829DB520F00EAA5F5 /* Debug */ = {
			isa = XCBuildConfiguration;
			buildSettings = {
				ASSETCATALOG_COMPILER_GLOBAL_ACCENT_COLOR_NAME = AccentColor;
				ASSETCATALOG_COMPILER_WIDGET_BACKGROUND_COLOR_NAME = WidgetBackground;
				CODE_SIGN_STYLE = Automatic;
				CURRENT_PROJECT_VERSION = 1;
				DEVELOPMENT_TEAM = M59369L9JK;
				GENERATE_INFOPLIST_FILE = YES;
				INFOPLIST_FILE = WheaterForecastExtension/Info.plist;
				INFOPLIST_KEY_CFBundleDisplayName = WheaterForecastExtension;
				INFOPLIST_KEY_NSHumanReadableCopyright = "";
				LD_RUNPATH_SEARCH_PATHS = (
					"$(inherited)",
					"@executable_path/Frameworks",
					"@executable_path/../../Frameworks",
				);
				MARKETING_VERSION = 1.0;
				PRODUCT_BUNDLE_IDENTIFIER = aserdiuk.WheatherForecast.WheaterForecastExtension;
				PRODUCT_NAME = "$(TARGET_NAME)";
				SKIP_INSTALL = YES;
				SWIFT_EMIT_LOC_STRINGS = YES;
				SWIFT_VERSION = 5.0;
				TARGETED_DEVICE_FAMILY = "1,2";
			};
			name = Debug;
		};
		418CF8E929DB520F00EAA5F5 /* Release */ = {
			isa = XCBuildConfiguration;
			buildSettings = {
				ASSETCATALOG_COMPILER_GLOBAL_ACCENT_COLOR_NAME = AccentColor;
				ASSETCATALOG_COMPILER_WIDGET_BACKGROUND_COLOR_NAME = WidgetBackground;
				CODE_SIGN_STYLE = Automatic;
				CURRENT_PROJECT_VERSION = 1;
				DEVELOPMENT_TEAM = M59369L9JK;
				GENERATE_INFOPLIST_FILE = YES;
				INFOPLIST_FILE = WheaterForecastExtension/Info.plist;
				INFOPLIST_KEY_CFBundleDisplayName = WheaterForecastExtension;
				INFOPLIST_KEY_NSHumanReadableCopyright = "";
				LD_RUNPATH_SEARCH_PATHS = (
					"$(inherited)",
					"@executable_path/Frameworks",
					"@executable_path/../../Frameworks",
				);
				MARKETING_VERSION = 1.0;
				PRODUCT_BUNDLE_IDENTIFIER = aserdiuk.WheatherForecast.WheaterForecastExtension;
				PRODUCT_NAME = "$(TARGET_NAME)";
				SKIP_INSTALL = YES;
				SWIFT_EMIT_LOC_STRINGS = YES;
				SWIFT_VERSION = 5.0;
				TARGETED_DEVICE_FAMILY = "1,2";
			};
			name = Release;
		};
/* End XCBuildConfiguration section */

/* Begin XCConfigurationList section */
		4171255D29C8503200CCE6D4 /* Build configuration list for PBXProject "WheatherForecast" */ = {
			isa = XCConfigurationList;
			buildConfigurations = (
				4171257429C8503200CCE6D4 /* Debug */,
				4171257529C8503200CCE6D4 /* Release */,
			);
			defaultConfigurationIsVisible = 0;
			defaultConfigurationName = Release;
		};
		4171257629C8503200CCE6D4 /* Build configuration list for PBXNativeTarget "WheatherForecast" */ = {
			isa = XCConfigurationList;
			buildConfigurations = (
				4171257729C8503200CCE6D4 /* Debug */,
				4171257829C8503200CCE6D4 /* Release */,
			);
			defaultConfigurationIsVisible = 0;
			defaultConfigurationName = Release;
		};
		418CF8EA29DB520F00EAA5F5 /* Build configuration list for PBXNativeTarget "WheaterForecastExtensionExtension" */ = {
			isa = XCConfigurationList;
			buildConfigurations = (
				418CF8E829DB520F00EAA5F5 /* Debug */,
				418CF8E929DB520F00EAA5F5 /* Release */,
			);
			defaultConfigurationIsVisible = 0;
			defaultConfigurationName = Release;
		};
/* End XCConfigurationList section */

/* Begin XCVersionGroup section */
		41556BB82A40806B00FBE0B7 /* WheatherForecast.xcdatamodeld */ = {
			isa = XCVersionGroup;
			children = (
				41556BB92A40806B00FBE0B7 /* CoreDataProject.xcdatamodel */,
			);
			currentVersion = 41556BB92A40806B00FBE0B7 /* CoreDataProject.xcdatamodel */;
			name = WheatherForecast.xcdatamodeld;
			path = ../../CoreDataProject/CoreDataProject/WheatherForecast.xcdatamodeld;
			sourceTree = "<group>";
			versionGroupType = wrapper.xcdatamodel;
		};
/* End XCVersionGroup section */
	};
	rootObject = 4171255A29C8503200CCE6D4 /* Project object */;
}
